
Microsoft Visual Studio Solution File, Format Version 12.00
# Visual Studio 15
VisualStudioVersion = 15.0.28307.421
MinimumVisualStudioVersion = 10.0.40219.1
Project("{FAE04EC0-301F-11D3-BF4B-00C04F79EFBC}") = "PassGuard2.Android", "PassGuard2\PassGuard2.Android\PassGuard2.Android.csproj", "{24CE3C36-16B9-426D-AA0C-5961ECF8D88C}"
EndProject
Project("{FAE04EC0-301F-11D3-BF4B-00C04F79EFBC}") = "PassGuard2.iOS", "PassGuard2\PassGuard2.iOS\PassGuard2.iOS.csproj", "{47627991-FE84-4AE7-8BCD-F074DCE7CA23}"
EndProject
Project("{FAE04EC0-301F-11D3-BF4B-00C04F79EFBC}") = "PassGuard2.UWP", "PassGuard2\PassGuard2.UWP\PassGuard2.UWP.csproj", "{F5061386-5043-4146-8B34-56988DD9E49A}"
EndProject
Project("{FAE04EC0-301F-11D3-BF4B-00C04F79EFBC}") = "PassGuard2", "PassGuard2\PassGuard2\PassGuard2.csproj", "{DCEAB00D-76DF-476A-8192-9B42C657FFEF}"
EndProject
Global
	GlobalSection(SolutionConfigurationPlatforms) = preSolution
		Debug|Any CPU = Debug|Any CPU
		Debug|ARM = Debug|ARM
		Debug|iPhone = Debug|iPhone
		Debug|iPhoneSimulator = Debug|iPhoneSimulator
		Debug|x64 = Debug|x64
		Debug|x86 = Debug|x86
		Release|Any CPU = Release|Any CPU
		Release|ARM = Release|ARM
		Release|iPhone = Release|iPhone
		Release|iPhoneSimulator = Release|iPhoneSimulator
		Release|x64 = Release|x64
		Release|x86 = Release|x86
	EndGlobalSection
	GlobalSection(ProjectConfigurationPlatforms) = postSolution
		{24CE3C36-16B9-426D-AA0C-5961ECF8D88C}.Debug|Any CPU.ActiveCfg = Debug|Any CPU
		{24CE3C36-16B9-426D-AA0C-5961ECF8D88C}.Debug|Any CPU.Build.0 = Debug|Any CPU
		{24CE3C36-16B9-426D-AA0C-5961ECF8D88C}.Debug|Any CPU.Deploy.0 = Debug|Any CPU
		{24CE3C36-16B9-426D-AA0C-5961ECF8D88C}.Debug|ARM.ActiveCfg = Debug|Any CPU
		{24CE3C36-16B9-426D-AA0C-5961ECF8D88C}.Debug|ARM.Build.0 = Debug|Any CPU
		{24CE3C36-16B9-426D-AA0C-5961ECF8D88C}.Debug|ARM.Deploy.0 = Debug|Any CPU
		{24CE3C36-16B9-426D-AA0C-5961ECF8D88C}.Debug|iPhone.ActiveCfg = Debug|Any CPU
		{24CE3C36-16B9-426D-AA0C-5961ECF8D88C}.Debug|iPhone.Build.0 = Debug|Any CPU
		{24CE3C36-16B9-426D-AA0C-5961ECF8D88C}.Debug|iPhone.Deploy.0 = Debug|Any CPU
		{24CE3C36-16B9-426D-AA0C-5961ECF8D88C}.Debug|iPhoneSimulator.ActiveCfg = Debug|Any CPU
		{24CE3C36-16B9-426D-AA0C-5961ECF8D88C}.Debug|iPhoneSimulator.Build.0 = Debug|Any CPU
		{24CE3C36-16B9-426D-AA0C-5961ECF8D88C}.Debug|iPhoneSimulator.Deploy.0 = Debug|Any CPU
		{24CE3C36-16B9-426D-AA0C-5961ECF8D88C}.Debug|x64.ActiveCfg = Debug|Any CPU
		{24CE3C36-16B9-426D-AA0C-5961ECF8D88C}.Debug|x64.Build.0 = Debug|Any CPU
		{24CE3C36-16B9-426D-AA0C-5961ECF8D88C}.Debug|x64.Deploy.0 = Debug|Any CPU
		{24CE3C36-16B9-426D-AA0C-5961ECF8D88C}.Debug|x86.ActiveCfg = Debug|Any CPU
		{24CE3C36-16B9-426D-AA0C-5961ECF8D88C}.Debug|x86.Build.0 = Debug|Any CPU
		{24CE3C36-16B9-426D-AA0C-5961ECF8D88C}.Debug|x86.Deploy.0 = Debug|Any CPU
		{24CE3C36-16B9-426D-AA0C-5961ECF8D88C}.Release|Any CPU.ActiveCfg = Release|Any CPU
		{24CE3C36-16B9-426D-AA0C-5961ECF8D88C}.Release|Any CPU.Build.0 = Release|Any CPU
		{24CE3C36-16B9-426D-AA0C-5961ECF8D88C}.Release|Any CPU.Deploy.0 = Release|Any CPU
		{24CE3C36-16B9-426D-AA0C-5961ECF8D88C}.Release|ARM.ActiveCfg = Release|Any CPU
		{24CE3C36-16B9-426D-AA0C-5961ECF8D88C}.Release|ARM.Build.0 = Release|Any CPU
		{24CE3C36-16B9-426D-AA0C-5961ECF8D88C}.Release|ARM.Deploy.0 = Release|Any CPU
		{24CE3C36-16B9-426D-AA0C-5961ECF8D88C}.Release|iPhone.ActiveCfg = Release|Any CPU
		{24CE3C36-16B9-426D-AA0C-5961ECF8D88C}.Release|iPhone.Build.0 = Release|Any CPU
		{24CE3C36-16B9-426D-AA0C-5961ECF8D88C}.Release|iPhone.Deploy.0 = Release|Any CPU
		{24CE3C36-16B9-426D-AA0C-5961ECF8D88C}.Release|iPhoneSimulator.ActiveCfg = Release|Any CPU
		{24CE3C36-16B9-426D-AA0C-5961ECF8D88C}.Release|iPhoneSimulator.Build.0 = Release|Any CPU
		{24CE3C36-16B9-426D-AA0C-5961ECF8D88C}.Release|iPhoneSimulator.Deploy.0 = Release|Any CPU
		{24CE3C36-16B9-426D-AA0C-5961ECF8D88C}.Release|x64.ActiveCfg = Release|Any CPU
		{24CE3C36-16B9-426D-AA0C-5961ECF8D88C}.Release|x64.Build.0 = Release|Any CPU
		{24CE3C36-16B9-426D-AA0C-5961ECF8D88C}.Release|x64.Deploy.0 = Release|Any CPU
		{24CE3C36-16B9-426D-AA0C-5961ECF8D88C}.Release|x86.ActiveCfg = Release|Any CPU
		{24CE3C36-16B9-426D-AA0C-5961ECF8D88C}.Release|x86.Build.0 = Release|Any CPU
		{24CE3C36-16B9-426D-AA0C-5961ECF8D88C}.Release|x86.Deploy.0 = Release|Any CPU
		{47627991-FE84-4AE7-8BCD-F074DCE7CA23}.Debug|Any CPU.ActiveCfg = Debug|iPhoneSimulator
		{47627991-FE84-4AE7-8BCD-F074DCE7CA23}.Debug|Any CPU.Build.0 = Debug|iPhoneSimulator
		{47627991-FE84-4AE7-8BCD-F074DCE7CA23}.Debug|Any CPU.Deploy.0 = Debug|iPhoneSimulator
		{47627991-FE84-4AE7-8BCD-F074DCE7CA23}.Debug|ARM.ActiveCfg = Debug|iPhone
		{47627991-FE84-4AE7-8BCD-F074DCE7CA23}.Debug|ARM.Build.0 = Debug|iPhone
		{47627991-FE84-4AE7-8BCD-F074DCE7CA23}.Debug|ARM.Deploy.0 = Debug|iPhone
		{47627991-FE84-4AE7-8BCD-F074DCE7CA23}.Debug|iPhone.ActiveCfg = Debug|iPhone
		{47627991-FE84-4AE7-8BCD-F074DCE7CA23}.Debug|iPhone.Build.0 = Debug|iPhone
		{47627991-FE84-4AE7-8BCD-F074DCE7CA23}.Debug|iPhone.Deploy.0 = Debug|iPhone
		{47627991-FE84-4AE7-8BCD-F074DCE7CA23}.Debug|iPhoneSimulator.ActiveCfg = Debug|iPhoneSimulator
		{47627991-FE84-4AE7-8BCD-F074DCE7CA23}.Debug|iPhoneSimulator.Build.0 = Debug|iPhoneSimulator
		{47627991-FE84-4AE7-8BCD-F074DCE7CA23}.Debug|iPhoneSimulator.Deploy.0 = Debug|iPhoneSimulator
		{47627991-FE84-4AE7-8BCD-F074DCE7CA23}.Debug|x64.ActiveCfg = Debug|iPhone
		{47627991-FE84-4AE7-8BCD-F074DCE7CA23}.Debug|x64.Build.0 = Debug|iPhone
		{47627991-FE84-4AE7-8BCD-F074DCE7CA23}.Debug|x64.Deploy.0 = Debug|iPhone
		{47627991-FE84-4AE7-8BCD-F074DCE7CA23}.Debug|x86.ActiveCfg = Debug|iPhone
		{47627991-FE84-4AE7-8BCD-F074DCE7CA23}.Debug|x86.Build.0 = Debug|iPhone
		{47627991-FE84-4AE7-8BCD-F074DCE7CA23}.Debug|x86.Deploy.0 = Debug|iPhone
		{47627991-FE84-4AE7-8BCD-F074DCE7CA23}.Release|Any CPU.ActiveCfg = Release|iPhone
		{47627991-FE84-4AE7-8BCD-F074DCE7CA23}.Release|Any CPU.Build.0 = Release|iPhone
		{47627991-FE84-4AE7-8BCD-F074DCE7CA23}.Release|Any CPU.Deploy.0 = Release|iPhone
		{47627991-FE84-4AE7-8BCD-F074DCE7CA23}.Release|ARM.ActiveCfg = Release|iPhone
		{47627991-FE84-4AE7-8BCD-F074DCE7CA23}.Release|ARM.Build.0 = Release|iPhone
		{47627991-FE84-4AE7-8BCD-F074DCE7CA23}.Release|ARM.Deploy.0 = Release|iPhone
		{47627991-FE84-4AE7-8BCD-F074DCE7CA23}.Release|iPhone.ActiveCfg = Release|iPhone
		{47627991-FE84-4AE7-8BCD-F074DCE7CA23}.Release|iPhone.Build.0 = Release|iPhone
		{47627991-FE84-4AE7-8BCD-F074DCE7CA23}.Release|iPhone.Deploy.0 = Release|iPhone
		{47627991-FE84-4AE7-8BCD-F074DCE7CA23}.Release|iPhoneSimulator.ActiveCfg = Release|iPhoneSimulator
		{47627991-FE84-4AE7-8BCD-F074DCE7CA23}.Release|iPhoneSimulator.Build.0 = Release|iPhoneSimulator
		{47627991-FE84-4AE7-8BCD-F074DCE7CA23}.Release|iPhoneSimulator.Deploy.0 = Release|iPhoneSimulator
		{47627991-FE84-4AE7-8BCD-F074DCE7CA23}.Release|x64.ActiveCfg = Release|iPhone
		{47627991-FE84-4AE7-8BCD-F074DCE7CA23}.Release|x64.Build.0 = Release|iPhone
		{47627991-FE84-4AE7-8BCD-F074DCE7CA23}.Release|x64.Deploy.0 = Release|iPhone
		{47627991-FE84-4AE7-8BCD-F074DCE7CA23}.Release|x86.ActiveCfg = Release|iPhone
		{47627991-FE84-4AE7-8BCD-F074DCE7CA23}.Release|x86.Build.0 = Release|iPhone
		{47627991-FE84-4AE7-8BCD-F074DCE7CA23}.Release|x86.Deploy.0 = Release|iPhone
		{F5061386-5043-4146-8B34-56988DD9E49A}.Debug|Any CPU.ActiveCfg = Debug|x86
		{F5061386-5043-4146-8B34-56988DD9E49A}.Debug|Any CPU.Build.0 = Debug|x86
		{F5061386-5043-4146-8B34-56988DD9E49A}.Debug|Any CPU.Deploy.0 = Debug|x86
		{F5061386-5043-4146-8B34-56988DD9E49A}.Debug|ARM.ActiveCfg = Debug|ARM
		{F5061386-5043-4146-8B34-56988DD9E49A}.Debug|ARM.Build.0 = Debug|ARM
		{F5061386-5043-4146-8B34-56988DD9E49A}.Debug|ARM.Deploy.0 = Debug|ARM
		{F5061386-5043-4146-8B34-56988DD9E49A}.Debug|iPhone.ActiveCfg = Debug|x86
		{F5061386-5043-4146-8B34-56988DD9E49A}.Debug|iPhone.Build.0 = Debug|x86
		{F5061386-5043-4146-8B34-56988DD9E49A}.Debug|iPhone.Deploy.0 = Debug|x86
		{F5061386-5043-4146-8B34-56988DD9E49A}.Debug|iPhoneSimulator.ActiveCfg = Debug|x86
		{F5061386-5043-4146-8B34-56988DD9E49A}.Debug|iPhoneSimulator.Build.0 = Debug|x86
		{F5061386-5043-4146-8B34-56988DD9E49A}.Debug|iPhoneSimulator.Deploy.0 = Debug|x86
		{F5061386-5043-4146-8B34-56988DD9E49A}.Debug|x64.ActiveCfg = Debug|x64
		{F5061386-5043-4146-8B34-56988DD9E49A}.Debug|x64.Build.0 = Debug|x64
		{F5061386-5043-4146-8B34-56988DD9E49A}.Debug|x64.Deploy.0 = Debug|x64
		{F5061386-5043-4146-8B34-56988DD9E49A}.Debug|x86.ActiveCfg = Debug|x86
		{F5061386-5043-4146-8B34-56988DD9E49A}.Debug|x86.Build.0 = Debug|x86
		{F5061386-5043-4146-8B34-56988DD9E49A}.Debug|x86.Deploy.0 = Debug|x86
		{F5061386-5043-4146-8B34-56988DD9E49A}.Release|Any CPU.ActiveCfg = Release|x86
		{F5061386-5043-4146-8B34-56988DD9E49A}.Release|Any CPU.Build.0 = Release|x86
		{F5061386-5043-4146-8B34-56988DD9E49A}.Release|Any CPU.Deploy.0 = Release|x86
		{F5061386-5043-4146-8B34-56988DD9E49A}.Release|ARM.ActiveCfg = Release|ARM
		{F5061386-5043-4146-8B34-56988DD9E49A}.Release|ARM.Build.0 = Release|ARM
		{F5061386-5043-4146-8B34-56988DD9E49A}.Release|ARM.Deploy.0 = Release|ARM
		{F5061386-5043-4146-8B34-56988DD9E49A}.Release|iPhone.ActiveCfg = Release|x86
		{F5061386-5043-4146-8B34-56988DD9E49A}.Release|iPhone.Build.0 = Release|x86
		{F5061386-5043-4146-8B34-56988DD9E49A}.Release|iPhone.Deploy.0 = Release|x86
		{F5061386-5043-4146-8B34-56988DD9E49A}.Release|iPhoneSimulator.ActiveCfg = Release|x86
		{F5061386-5043-4146-8B34-56988DD9E49A}.Release|iPhoneSimulator.Build.0 = Release|x86
		{F5061386-5043-4146-8B34-56988DD9E49A}.Release|iPhoneSimulator.Deploy.0 = Release|x86
		{F5061386-5043-4146-8B34-56988DD9E49A}.Release|x64.ActiveCfg = Release|x64
		{F5061386-5043-4146-8B34-56988DD9E49A}.Release|x64.Build.0 = Release|x64
		{F5061386-5043-4146-8B34-56988DD9E49A}.Release|x64.Deploy.0 = Release|x64
		{F5061386-5043-4146-8B34-56988DD9E49A}.Release|x86.ActiveCfg = Release|x86
		{F5061386-5043-4146-8B34-56988DD9E49A}.Release|x86.Build.0 = Release|x86
		{F5061386-5043-4146-8B34-56988DD9E49A}.Release|x86.Deploy.0 = Release|x86
		{DCEAB00D-76DF-476A-8192-9B42C657FFEF}.Debug|Any CPU.ActiveCfg = Debug|Any CPU
		{DCEAB00D-76DF-476A-8192-9B42C657FFEF}.Debug|Any CPU.Build.0 = Debug|Any CPU
		{DCEAB00D-76DF-476A-8192-9B42C657FFEF}.Debug|Any CPU.Deploy.0 = Debug|Any CPU
		{DCEAB00D-76DF-476A-8192-9B42C657FFEF}.Debug|ARM.ActiveCfg = Debug|Any CPU
		{DCEAB00D-76DF-476A-8192-9B42C657FFEF}.Debug|ARM.Build.0 = Debug|Any CPU
		{DCEAB00D-76DF-476A-8192-9B42C657FFEF}.Debug|ARM.Deploy.0 = Debug|Any CPU
		{DCEAB00D-76DF-476A-8192-9B42C657FFEF}.Debug|iPhone.ActiveCfg = Debug|Any CPU
		{DCEAB00D-76DF-476A-8192-9B42C657FFEF}.Debug|iPhone.Build.0 = Debug|Any CPU
		{DCEAB00D-76DF-476A-8192-9B42C657FFEF}.Debug|iPhone.Deploy.0 = Debug|Any CPU
		{DCEAB00D-76DF-476A-8192-9B42C657FFEF}.Debug|iPhoneSimulator.ActiveCfg = Debug|Any CPU
		{DCEAB00D-76DF-476A-8192-9B42C657FFEF}.Debug|iPhoneSimulator.Build.0 = Debug|Any CPU
		{DCEAB00D-76DF-476A-8192-9B42C657FFEF}.Debug|iPhoneSimulator.Deploy.0 = Debug|Any CPU
		{DCEAB00D-76DF-476A-8192-9B42C657FFEF}.Debug|x64.ActiveCfg = Debug|Any CPU
		{DCEAB00D-76DF-476A-8192-9B42C657FFEF}.Debug|x64.Build.0 = Debug|Any CPU
		{DCEAB00D-76DF-476A-8192-9B42C657FFEF}.Debug|x64.Deploy.0 = Debug|Any CPU
		{DCEAB00D-76DF-476A-8192-9B42C657FFEF}.Debug|x86.ActiveCfg = Debug|Any CPU
		{DCEAB00D-76DF-476A-8192-9B42C657FFEF}.Debug|x86.Build.0 = Debug|Any CPU
		{DCEAB00D-76DF-476A-8192-9B42C657FFEF}.Debug|x86.Deploy.0 = Debug|Any CPU
		{DCEAB00D-76DF-476A-8192-9B42C657FFEF}.Release|Any CPU.ActiveCfg = Release|Any CPU
		{DCEAB00D-76DF-476A-8192-9B42C657FFEF}.Release|Any CPU.Build.0 = Release|Any CPU
		{DCEAB00D-76DF-476A-8192-9B42C657FFEF}.Release|Any CPU.Deploy.0 = Release|Any CPU
		{DCEAB00D-76DF-476A-8192-9B42C657FFEF}.Release|ARM.ActiveCfg = Release|Any CPU
		{DCEAB00D-76DF-476A-8192-9B42C657FFEF}.Release|ARM.Build.0 = Release|Any CPU
		{DCEAB00D-76DF-476A-8192-9B42C657FFEF}.Release|ARM.Deploy.0 = Release|Any CPU
		{DCEAB00D-76DF-476A-8192-9B42C657FFEF}.Release|iPhone.ActiveCfg = Release|Any CPU
		{DCEAB00D-76DF-476A-8192-9B42C657FFEF}.Release|iPhone.Build.0 = Release|Any CPU
		{DCEAB00D-76DF-476A-8192-9B42C657FFEF}.Release|iPhone.Deploy.0 = Release|Any CPU
		{DCEAB00D-76DF-476A-8192-9B42C657FFEF}.Release|iPhoneSimulator.ActiveCfg = Release|Any CPU
		{DCEAB00D-76DF-476A-8192-9B42C657FFEF}.Release|iPhoneSimulator.Build.0 = Release|Any CPU
		{DCEAB00D-76DF-476A-8192-9B42C657FFEF}.Release|iPhoneSimulator.Deploy.0 = Release|Any CPU
		{DCEAB00D-76DF-476A-8192-9B42C657FFEF}.Release|x64.ActiveCfg = Release|Any CPU
		{DCEAB00D-76DF-476A-8192-9B42C657FFEF}.Release|x64.Build.0 = Release|Any CPU
		{DCEAB00D-76DF-476A-8192-9B42C657FFEF}.Release|x64.Deploy.0 = Release|Any CPU
		{DCEAB00D-76DF-476A-8192-9B42C657FFEF}.Release|x86.ActiveCfg = Release|Any CPU
		{DCEAB00D-76DF-476A-8192-9B42C657FFEF}.Release|x86.Build.0 = Release|Any CPU
		{DCEAB00D-76DF-476A-8192-9B42C657FFEF}.Release|x86.Deploy.0 = Release|Any CPU
	EndGlobalSection
	GlobalSection(SolutionProperties) = preSolution
		HideSolutionNode = FALSE
	EndGlobalSection
	GlobalSection(ExtensibilityGlobals) = postSolution
		SolutionGuid = {B6406E72-3EB2-4FE7-9B02-039C39E175BE}
	EndGlobalSection
EndGlobal
